
Microsoft Visual Studio Solution File, Format Version 12.00
# Visual Studio Version 16
VisualStudioVersion = 16.0.33130.400
MinimumVisualStudioVersion = 10.0.40219.1
Project("{FAE04EC0-301F-11D3-BF4B-00C04F79EFBC}") = "Asp.Net Mvc5 ile Tatil  Seyahat Sitesi", "Asp.Net Mvc5 ile Tatil  Seyahat Sitesi\Asp.Net Mvc5 ile Tatil  Seyahat Sitesi.csproj", "{F3B79467-3D35-49F2-9A88-7EBC4AAA36D4}"
EndProject
Global
	GlobalSection(SolutionConfigurationPlatforms) = preSolution
		Debug|Any CPU = Debug|Any CPU
		Release|Any CPU = Release|Any CPU
	EndGlobalSection
	GlobalSection(ProjectConfigurationPlatforms) = postSolution
		{F3B79467-3D35-49F2-9A88-7EBC4AAA36D4}.Debug|Any CPU.ActiveCfg = Debug|Any CPU
		{F3B79467-3D35-49F2-9A88-7EBC4AAA36D4}.Debug|Any CPU.Build.0 = Debug|Any CPU
		{F3B79467-3D35-49F2-9A88-7EBC4AAA36D4}.Release|Any CPU.ActiveCfg = Release|Any CPU
		{F3B79467-3D35-49F2-9A88-7EBC4AAA36D4}.Release|Any CPU.Build.0 = Release|Any CPU
	EndGlobalSection
	GlobalSection(SolutionProperties) = preSolution
		HideSolutionNode = FALSE
	EndGlobalSection
	GlobalSection(ExtensibilityGlobals) = postSolution
		SolutionGuid = {5E5A2535-5286-4191-AC32-CFF320D7ACAF}
	EndGlobalSection
EndGlobal
